{
  "originHash" : "920324d332b68cbb63f5aae4ddb95bf0bec12b2ae608fc61bf970f0844ed7704",
  "pins" : [
    {
      "identity" : "sqlcipher.swift",
      "kind" : "remoteSourceControl",
      "location" : "https://github.com/Androp0v/SQLCipher.swift",
      "state" : {
        "branch" : "master",
        "revision" : "fe0ffad8cf3b8e75edd71c80414fd76442e438a4"
      }
    }
  ],
  "version" : 3
}
